{
  "originHash" : "183af4f247ce89b0f0b7b39afae79d608fdf61a00b813ba36a149c54dcdca2a9",
  "pins" : [
    {
      "identity" : "rainbow",
      "kind" : "remoteSourceControl",
      "location" : "https://github.com/onevcat/Rainbow",
      "state" : {
        "revision" : "0c627a4f8a39ef37eadec1ceec02e4a7f55561ac",
        "version" : "4.1.0"
      }
    }
  ],
  "version" : 3
}
